# THIS IS AN AUTOGENERATED FILE. DO NOT EDIT THIS FILE DIRECTLY.
# yarn lockfile v1


nan@^2.14.0:
  version "2.23.1"
  resolved "https://registry.npmmirror.com/nan/-/nan-2.23.1.tgz#6f86a31dd87e3d1eb77512bf4b9e14c8aded3975"
  integrity sha512-r7bBUGKzlqk8oPBDYxt6Z0aEdF1G1rwlMcLk8LCOMbOzf0mG+JUfUzG4fIMWwHWP0iyaLWEQZJmtB7nOHEm/qw==

node-addon-api@^8.3.1:
  version "8.5.0"
  resolved "https://registry.npmmirror.com/node-addon-api/-/node-addon-api-8.5.0.tgz#c91b2d7682fa457d2e1c388150f0dff9aafb8f3f"
  integrity sha512-/bRZty2mXUIFY/xU5HLvveNHlswNJej+RnxBjOMkidWfwZzgTbPG1E3K5TOxRLOR+5hX7bSofy8yf1hZevMS8A==

node-gyp-build@^4.8.4:
  version "4.8.4"
  resolved "https://registry.npmmirror.com/node-gyp-build/-/node-gyp-build-4.8.4.tgz#8a70ee85464ae52327772a90d66c6077a900cfc8"
  integrity sha512-LA4ZjwlnUblHVgq0oBF3Jl/6h/Nvs5fzBLwdEF4nuxnFdsfajde4WfxtJr3CaiH+F6ewcIB/q4jQ4UzPyid+CQ==

tree-sitter-javascript@../tree-sitter-javascript:
  version "0.25.0"
  dependencies:
    node-addon-api "^8.3.1"
    node-gyp-build "^4.8.4"
